
Microsoft Visual Studio Solution File, Format Version 12.00
# Visual Studio 14
VisualStudioVersion = 14.0.25420.1
MinimumVisualStudioVersion = 10.0.40219.1
Project("{2150E333-8FDC-42A3-9474-1A3956D46DE8}") = "DataAccess", "DataAccess", "{30D73CA3-D3D7-47EB-98BF-C992BF37AEFA}"
EndProject
Project("{2150E333-8FDC-42A3-9474-1A3956D46DE8}") = "Model", "Model", "{61C9BE3D-C6A9-4933-BB59-C084EC50385C}"
EndProject
Project("{2150E333-8FDC-42A3-9474-1A3956D46DE8}") = "Provider", "Provider", "{3C66F85B-094F-4766-8D57-89F595B1B59E}"
EndProject
Project("{FAE04EC0-301F-11D3-BF4B-00C04F79EFBC}") = "Git.Storage.IDataAccess", "Git.Storage.IDataAccess\Git.Storage.IDataAccess.csproj", "{A5E5D75F-7A39-4E34-A9AA-519901B89114}"
EndProject
Project("{FAE04EC0-301F-11D3-BF4B-00C04F79EFBC}") = "Git.Storage.DataAccess", "Git.Storage.DataAccess\Git.Storage.DataAccess.csproj", "{3A7282E9-8371-4255-A7E6-600A111F03D1}"
EndProject
Project("{FAE04EC0-301F-11D3-BF4B-00C04F79EFBC}") = "Git.Storage.Entity", "Git.Storage.Entity\Git.Storage.Entity.csproj", "{62F1847E-3906-43DA-A80F-9977FB31F5EA}"
EndProject
Project("{FAE04EC0-301F-11D3-BF4B-00C04F79EFBC}") = "Git.Storage.Common", "Git.Storage.Common\Git.Storage.Common.csproj", "{7061BE81-6A7B-4773-8BEF-FAD51A88D522}"
EndProject
Project("{FAE04EC0-301F-11D3-BF4B-00C04F79EFBC}") = "Git.Storage.Web", "Git.Storage.Web\Git.Storage.Web.csproj", "{0CFD60DC-746E-43CD-B217-A1B06F18BA7D}"
EndProject
Project("{FAE04EC0-301F-11D3-BF4B-00C04F79EFBC}") = "Git.Storage.Provider", "Git.Storage.Provider\Git.Storage.Provider.csproj", "{0B7C5DAD-F7CB-45AF-B97D-A5F05BBD235A}"
EndProject
Project("{2150E333-8FDC-42A3-9474-1A3956D46DE8}") = "FrameWork", "FrameWork", "{21AC34F2-90E8-4383-9896-DDB80ABEEEA5}"
EndProject
Project("{FAE04EC0-301F-11D3-BF4B-00C04F79EFBC}") = "Git.FrameWork.ORM", "Git.FrameWork.ORM\Git.FrameWork.ORM.csproj", "{8980B8B4-5074-41BF-A440-312D55CA8561}"
EndProject
Project("{FAE04EC0-301F-11D3-BF4B-00C04F79EFBC}") = "Git.FrameWork.Cache", "Git.FrameWork.Cache\Git.FrameWork.Cache.csproj", "{F57CC45F-7565-479A-9EA6-06C1C0FAD9FB}"
EndProject
Project("{FAE04EC0-301F-11D3-BF4B-00C04F79EFBC}") = "Git.FrameWork.Controller", "Git.FrameWork.Controller4\Git.FrameWork.Controller.csproj", "{09DD3556-7144-48F2-A22C-293F6A686EB2}"
EndProject
Project("{FAE04EC0-301F-11D3-BF4B-00C04F79EFBC}") = "Git.FrameWork.Email", "Git.FrameWork.Email\Git.FrameWork.Email.csproj", "{2093FBCC-9C81-46A8-9467-099C7A8646D0}"
EndProject
Project("{FAE04EC0-301F-11D3-BF4B-00C04F79EFBC}") = "Git.FrameWork.Encrypt", "Git.FrameWork.Encrypt\Git.FrameWork.Encrypt.csproj", "{67736356-6BD0-4213-B217-30FDBB2F5096}"
EndProject
Project("{FAE04EC0-301F-11D3-BF4B-00C04F79EFBC}") = "Git.FrameWork.Events", "Git.FrameWork.Events\Git.FrameWork.Events.csproj", "{809525EB-544F-420A-8DC3-446B232C14EB}"
EndProject
Project("{FAE04EC0-301F-11D3-BF4B-00C04F79EFBC}") = "Git.FrameWork.Io", "Git.FrameWork.Io\Git.FrameWork.Io.csproj", "{393510DA-3C6F-4F7D-8CC3-B35BE3AC8BB6}"
EndProject
Project("{FAE04EC0-301F-11D3-BF4B-00C04F79EFBC}") = "Git.FrameWork.Json", "Git.FrameWork.Json\Git.FrameWork.Json.csproj", "{B03BA11E-FE4B-420A-8740-E89D9CE16EC1}"
EndProject
Project("{FAE04EC0-301F-11D3-BF4B-00C04F79EFBC}") = "Git.FrameWork.Log", "Git.FrameWork.Log\Git.FrameWork.Log.csproj", "{B2C31256-DDD4-4F1C-ADFD-A4FCE2FD8EBE}"
EndProject
Project("{FAE04EC0-301F-11D3-BF4B-00C04F79EFBC}") = "Git.FrameWork.MsSql", "Git.FrameWork.MsSql\Git.FrameWork.MsSql.csproj", "{1B13C458-279A-4A4C-BF1A-2AE9F7524843}"
EndProject
Project("{FAE04EC0-301F-11D3-BF4B-00C04F79EFBC}") = "Git.FrameWork.Resource", "Git.FrameWork.Resource\Git.FrameWork.Resource.csproj", "{35A59024-6D2C-461F-AB1E-E022B1F715AC}"
EndProject
Global
	GlobalSection(SolutionConfigurationPlatforms) = preSolution
		Debug|Any CPU = Debug|Any CPU
		Release|Any CPU = Release|Any CPU
	EndGlobalSection
	GlobalSection(ProjectConfigurationPlatforms) = postSolution
		{A5E5D75F-7A39-4E34-A9AA-519901B89114}.Debug|Any CPU.ActiveCfg = Debug|Any CPU
		{A5E5D75F-7A39-4E34-A9AA-519901B89114}.Debug|Any CPU.Build.0 = Debug|Any CPU
		{A5E5D75F-7A39-4E34-A9AA-519901B89114}.Release|Any CPU.ActiveCfg = Release|Any CPU
		{A5E5D75F-7A39-4E34-A9AA-519901B89114}.Release|Any CPU.Build.0 = Release|Any CPU
		{3A7282E9-8371-4255-A7E6-600A111F03D1}.Debug|Any CPU.ActiveCfg = Debug|Any CPU
		{3A7282E9-8371-4255-A7E6-600A111F03D1}.Debug|Any CPU.Build.0 = Debug|Any CPU
		{3A7282E9-8371-4255-A7E6-600A111F03D1}.Release|Any CPU.ActiveCfg = Release|Any CPU
		{3A7282E9-8371-4255-A7E6-600A111F03D1}.Release|Any CPU.Build.0 = Release|Any CPU
		{62F1847E-3906-43DA-A80F-9977FB31F5EA}.Debug|Any CPU.ActiveCfg = Debug|Any CPU
		{62F1847E-3906-43DA-A80F-9977FB31F5EA}.Debug|Any CPU.Build.0 = Debug|Any CPU
		{62F1847E-3906-43DA-A80F-9977FB31F5EA}.Release|Any CPU.ActiveCfg = Release|Any CPU
		{62F1847E-3906-43DA-A80F-9977FB31F5EA}.Release|Any CPU.Build.0 = Release|Any CPU
		{7061BE81-6A7B-4773-8BEF-FAD51A88D522}.Debug|Any CPU.ActiveCfg = Debug|Any CPU
		{7061BE81-6A7B-4773-8BEF-FAD51A88D522}.Debug|Any CPU.Build.0 = Debug|Any CPU
		{7061BE81-6A7B-4773-8BEF-FAD51A88D522}.Release|Any CPU.ActiveCfg = Release|Any CPU
		{7061BE81-6A7B-4773-8BEF-FAD51A88D522}.Release|Any CPU.Build.0 = Release|Any CPU
		{0CFD60DC-746E-43CD-B217-A1B06F18BA7D}.Debug|Any CPU.ActiveCfg = Debug|Any CPU
		{0CFD60DC-746E-43CD-B217-A1B06F18BA7D}.Debug|Any CPU.Build.0 = Debug|Any CPU
		{0CFD60DC-746E-43CD-B217-A1B06F18BA7D}.Release|Any CPU.ActiveCfg = Release|Any CPU
		{0CFD60DC-746E-43CD-B217-A1B06F18BA7D}.Release|Any CPU.Build.0 = Release|Any CPU
		{0B7C5DAD-F7CB-45AF-B97D-A5F05BBD235A}.Debug|Any CPU.ActiveCfg = Debug|Any CPU
		{0B7C5DAD-F7CB-45AF-B97D-A5F05BBD235A}.Debug|Any CPU.Build.0 = Debug|Any CPU
		{0B7C5DAD-F7CB-45AF-B97D-A5F05BBD235A}.Release|Any CPU.ActiveCfg = Release|Any CPU
		{0B7C5DAD-F7CB-45AF-B97D-A5F05BBD235A}.Release|Any CPU.Build.0 = Release|Any CPU
		{8980B8B4-5074-41BF-A440-312D55CA8561}.Debug|Any CPU.ActiveCfg = Debug|x86
		{8980B8B4-5074-41BF-A440-312D55CA8561}.Release|Any CPU.ActiveCfg = Release|x86
		{F57CC45F-7565-479A-9EA6-06C1C0FAD9FB}.Debug|Any CPU.ActiveCfg = Debug|Any CPU
		{F57CC45F-7565-479A-9EA6-06C1C0FAD9FB}.Debug|Any CPU.Build.0 = Debug|Any CPU
		{F57CC45F-7565-479A-9EA6-06C1C0FAD9FB}.Release|Any CPU.ActiveCfg = Release|Any CPU
		{F57CC45F-7565-479A-9EA6-06C1C0FAD9FB}.Release|Any CPU.Build.0 = Release|Any CPU
		{09DD3556-7144-48F2-A22C-293F6A686EB2}.Debug|Any CPU.ActiveCfg = Debug|Any CPU
		{09DD3556-7144-48F2-A22C-293F6A686EB2}.Debug|Any CPU.Build.0 = Debug|Any CPU
		{09DD3556-7144-48F2-A22C-293F6A686EB2}.Release|Any CPU.ActiveCfg = Release|Any CPU
		{09DD3556-7144-48F2-A22C-293F6A686EB2}.Release|Any CPU.Build.0 = Release|Any CPU
		{2093FBCC-9C81-46A8-9467-099C7A8646D0}.Debug|Any CPU.ActiveCfg = Debug|Any CPU
		{2093FBCC-9C81-46A8-9467-099C7A8646D0}.Debug|Any CPU.Build.0 = Debug|Any CPU
		{2093FBCC-9C81-46A8-9467-099C7A8646D0}.Release|Any CPU.ActiveCfg = Release|Any CPU
		{2093FBCC-9C81-46A8-9467-099C7A8646D0}.Release|Any CPU.Build.0 = Release|Any CPU
		{67736356-6BD0-4213-B217-30FDBB2F5096}.Debug|Any CPU.ActiveCfg = Debug|Any CPU
		{67736356-6BD0-4213-B217-30FDBB2F5096}.Debug|Any CPU.Build.0 = Debug|Any CPU
		{67736356-6BD0-4213-B217-30FDBB2F5096}.Release|Any CPU.ActiveCfg = Release|Any CPU
		{67736356-6BD0-4213-B217-30FDBB2F5096}.Release|Any CPU.Build.0 = Release|Any CPU
		{809525EB-544F-420A-8DC3-446B232C14EB}.Debug|Any CPU.ActiveCfg = Debug|Any CPU
		{809525EB-544F-420A-8DC3-446B232C14EB}.Debug|Any CPU.Build.0 = Debug|Any CPU
		{809525EB-544F-420A-8DC3-446B232C14EB}.Release|Any CPU.ActiveCfg = Release|Any CPU
		{809525EB-544F-420A-8DC3-446B232C14EB}.Release|Any CPU.Build.0 = Release|Any CPU
		{393510DA-3C6F-4F7D-8CC3-B35BE3AC8BB6}.Debug|Any CPU.ActiveCfg = Debug|Any CPU
		{393510DA-3C6F-4F7D-8CC3-B35BE3AC8BB6}.Debug|Any CPU.Build.0 = Debug|Any CPU
		{393510DA-3C6F-4F7D-8CC3-B35BE3AC8BB6}.Release|Any CPU.ActiveCfg = Release|Any CPU
		{393510DA-3C6F-4F7D-8CC3-B35BE3AC8BB6}.Release|Any CPU.Build.0 = Release|Any CPU
		{B03BA11E-FE4B-420A-8740-E89D9CE16EC1}.Debug|Any CPU.ActiveCfg = Debug|Any CPU
		{B03BA11E-FE4B-420A-8740-E89D9CE16EC1}.Debug|Any CPU.Build.0 = Debug|Any CPU
		{B03BA11E-FE4B-420A-8740-E89D9CE16EC1}.Release|Any CPU.ActiveCfg = Release|Any CPU
		{B03BA11E-FE4B-420A-8740-E89D9CE16EC1}.Release|Any CPU.Build.0 = Release|Any CPU
		{B2C31256-DDD4-4F1C-ADFD-A4FCE2FD8EBE}.Debug|Any CPU.ActiveCfg = Debug|Any CPU
		{B2C31256-DDD4-4F1C-ADFD-A4FCE2FD8EBE}.Debug|Any CPU.Build.0 = Debug|Any CPU
		{B2C31256-DDD4-4F1C-ADFD-A4FCE2FD8EBE}.Release|Any CPU.ActiveCfg = Release|Any CPU
		{B2C31256-DDD4-4F1C-ADFD-A4FCE2FD8EBE}.Release|Any CPU.Build.0 = Release|Any CPU
		{1B13C458-279A-4A4C-BF1A-2AE9F7524843}.Debug|Any CPU.ActiveCfg = Debug|Any CPU
		{1B13C458-279A-4A4C-BF1A-2AE9F7524843}.Debug|Any CPU.Build.0 = Debug|Any CPU
		{1B13C458-279A-4A4C-BF1A-2AE9F7524843}.Release|Any CPU.ActiveCfg = Release|Any CPU
		{1B13C458-279A-4A4C-BF1A-2AE9F7524843}.Release|Any CPU.Build.0 = Release|Any CPU
		{35A59024-6D2C-461F-AB1E-E022B1F715AC}.Debug|Any CPU.ActiveCfg = Debug|Any CPU
		{35A59024-6D2C-461F-AB1E-E022B1F715AC}.Debug|Any CPU.Build.0 = Debug|Any CPU
		{35A59024-6D2C-461F-AB1E-E022B1F715AC}.Release|Any CPU.ActiveCfg = Release|Any CPU
		{35A59024-6D2C-461F-AB1E-E022B1F715AC}.Release|Any CPU.Build.0 = Release|Any CPU
	EndGlobalSection
	GlobalSection(SolutionProperties) = preSolution
		HideSolutionNode = FALSE
	EndGlobalSection
	GlobalSection(NestedProjects) = preSolution
		{A5E5D75F-7A39-4E34-A9AA-519901B89114} = {30D73CA3-D3D7-47EB-98BF-C992BF37AEFA}
		{3A7282E9-8371-4255-A7E6-600A111F03D1} = {30D73CA3-D3D7-47EB-98BF-C992BF37AEFA}
		{62F1847E-3906-43DA-A80F-9977FB31F5EA} = {61C9BE3D-C6A9-4933-BB59-C084EC50385C}
		{7061BE81-6A7B-4773-8BEF-FAD51A88D522} = {61C9BE3D-C6A9-4933-BB59-C084EC50385C}
		{0B7C5DAD-F7CB-45AF-B97D-A5F05BBD235A} = {3C66F85B-094F-4766-8D57-89F595B1B59E}
		{8980B8B4-5074-41BF-A440-312D55CA8561} = {21AC34F2-90E8-4383-9896-DDB80ABEEEA5}
		{F57CC45F-7565-479A-9EA6-06C1C0FAD9FB} = {21AC34F2-90E8-4383-9896-DDB80ABEEEA5}
		{09DD3556-7144-48F2-A22C-293F6A686EB2} = {21AC34F2-90E8-4383-9896-DDB80ABEEEA5}
		{2093FBCC-9C81-46A8-9467-099C7A8646D0} = {21AC34F2-90E8-4383-9896-DDB80ABEEEA5}
		{67736356-6BD0-4213-B217-30FDBB2F5096} = {21AC34F2-90E8-4383-9896-DDB80ABEEEA5}
		{809525EB-544F-420A-8DC3-446B232C14EB} = {21AC34F2-90E8-4383-9896-DDB80ABEEEA5}
		{393510DA-3C6F-4F7D-8CC3-B35BE3AC8BB6} = {21AC34F2-90E8-4383-9896-DDB80ABEEEA5}
		{B03BA11E-FE4B-420A-8740-E89D9CE16EC1} = {21AC34F2-90E8-4383-9896-DDB80ABEEEA5}
		{B2C31256-DDD4-4F1C-ADFD-A4FCE2FD8EBE} = {21AC34F2-90E8-4383-9896-DDB80ABEEEA5}
		{1B13C458-279A-4A4C-BF1A-2AE9F7524843} = {21AC34F2-90E8-4383-9896-DDB80ABEEEA5}
		{35A59024-6D2C-461F-AB1E-E022B1F715AC} = {21AC34F2-90E8-4383-9896-DDB80ABEEEA5}
	EndGlobalSection
EndGlobal
